
Microsoft Visual Studio Solution File, Format Version 12.00
# Visual Studio Version 16
VisualStudioVersion = 16.0.32901.82
MinimumVisualStudioVersion = 10.0.40219.1
Project("{FAE04EC0-301F-11D3-BF4B-00C04F79EFBC}") = "ServiceAPI", "API_Sencilla\ServiceAPI.csproj", "{072A9695-3173-4ECE-9975-28C01DE7F3CA}"
EndProject
Project("{FAE04EC0-301F-11D3-BF4B-00C04F79EFBC}") = "View", "Vista\View.csproj", "{051A3F19-85AE-432B-9C5C-186C1E253E96}"
EndProject
Global
	GlobalSection(SolutionConfigurationPlatforms) = preSolution
		Debug|Any CPU = Debug|Any CPU
		Release|Any CPU = Release|Any CPU
	EndGlobalSection
	GlobalSection(ProjectConfigurationPlatforms) = postSolution
		{072A9695-3173-4ECE-9975-28C01DE7F3CA}.Debug|Any CPU.ActiveCfg = Debug|Any CPU
		{072A9695-3173-4ECE-9975-28C01DE7F3CA}.Debug|Any CPU.Build.0 = Debug|Any CPU
		{072A9695-3173-4ECE-9975-28C01DE7F3CA}.Release|Any CPU.ActiveCfg = Release|Any CPU
		{072A9695-3173-4ECE-9975-28C01DE7F3CA}.Release|Any CPU.Build.0 = Release|Any CPU
		{051A3F19-85AE-432B-9C5C-186C1E253E96}.Debug|Any CPU.ActiveCfg = Debug|Any CPU
		{051A3F19-85AE-432B-9C5C-186C1E253E96}.Debug|Any CPU.Build.0 = Debug|Any CPU
		{051A3F19-85AE-432B-9C5C-186C1E253E96}.Release|Any CPU.ActiveCfg = Release|Any CPU
		{051A3F19-85AE-432B-9C5C-186C1E253E96}.Release|Any CPU.Build.0 = Release|Any CPU
	EndGlobalSection
	GlobalSection(SolutionProperties) = preSolution
		HideSolutionNode = FALSE
	EndGlobalSection
	GlobalSection(ExtensibilityGlobals) = postSolution
		SolutionGuid = {58D6076C-92AA-47BC-A042-0566275F83A2}
	EndGlobalSection
EndGlobal
